// !$*UTF8*$!
{
	archiveVersion = 1;
	classes = {
	};
	objectVersion = 46;
	objects = {

/* Begin PBXBuildFile section */
		1D0FE0641A3F3AA000018E5C /* main.swift in Sources */ = {isa = PBXBuildFile; fileRef = 1D0FE0621A3F3AA000018E5C /* main.swift */; };
		1D0FE0651A3F3AA000018E5C /* Time.swift in Sources */ = {isa = PBXBuildFile; fileRef = 1D0FE0631A3F3AA000018E5C /* Time.swift */; };
/* End PBXBuildFile section */

/* Begin PBXCopyFilesBuildPhase section */
		1D156CE01A3BD1DD008CEFC9 /* CopyFiles */ = {
			isa = PBXCopyFilesBuildPhase;
			buildActionMask = 2147483647;
			dstPath = /usr/share/man/man1/;
			dstSubfolderSpec = 0;
			files = (
			);
			runOnlyForDeploymentPostprocessing = 1;
		};
/* End PBXCopyFilesBuildPhase section */

/* Begin PBXFileReference section */
		1D0FE0621A3F3AA000018E5C /* main.swift */ = {isa = PBXFileReference; fileEncoding = 4; lastKnownFileType = sourcecode.swift; name = main.swift; path = TimeClass/main.swift; sourceTree = SOURCE_ROOT; };
		1D0FE0631A3F3AA000018E5C /* Time.swift */ = {isa = PBXFileReference; fileEncoding = 4; lastKnownFileType = sourcecode.swift; name = Time.swift; path = TimeClass/Time.swift; sourceTree = SOURCE_ROOT; };
		1D156CE21A3BD1DD008CEFC9 /* TimeClass */ = {isa = PBXFileReference; explicitFileType = "compiled.mach-o.executable"; includeInIndex = 0; path = TimeClass; sourceTree = BUILT_PRODUCTS_DIR; };
/* End PBXFileReference section */

/* Begin PBXFrameworksBuildPhase section */
		1D156CDF1A3BD1DD008CEFC9 /* Frameworks */ = {
			isa = PBXFrameworksBuildPhase;
			buildActionMask = 2147483647;
			files = (
			);
			runOnlyForDeploymentPostprocessing = 0;
		};
/* End PBXFrameworksBuildPhase section */

/* Begin PBXGroup section */
		1D156CD91A3BD1DD008CEFC9 = {
			isa = PBXGroup;
			children = (
				1D156CE41A3BD1DD008CEFC9 /* TimeClass */,
				1D156CE31A3BD1DD008CEFC9 /* Products */,
			);
			sourceTree = "<group>";
		};
		1D156CE31A3BD1DD008CEFC9 /* Products */ = {
			isa = PBXGroup;
			children = (
				1D156CE21A3BD1DD008CEFC9 /* TimeClass */,
			);
			name = Products;
			sourceTree = "<group>";
		};
		1D156CE41A3BD1DD008CEFC9 /* TimeClass */ = {
			isa = PBXGroup;
			children = (
				1D0FE0621A3F3AA000018E5C /* main.swift */,
				1D0FE0631A3F3AA000018E5C /* Time.swift */,
			);
			name = TimeClass;
			path = Time1;
			sourceTree = "<group>";
		};
/* End PBXGroup section */

/* Begin PBXNativeTarget section */
		1D156CE11A3BD1DD008CEFC9 /* TimeClass */ = {
			isa = PBXNativeTarget;
			buildConfigurationList = 1D156CE91A3BD1DD008CEFC9 /* Build configuration list for PBXNativeTarget "TimeClass" */;
			buildPhases = (
				1D156CDE1A3BD1DD008CEFC9 /* Sources */,
				1D156CDF1A3BD1DD008CEFC9 /* Frameworks */,
				1D156CE01A3BD1DD008CEFC9 /* CopyFiles */,
			);
			buildRules = (
			);
			dependencies = (
			);
			name = TimeClass;
			productName = Time1;
			productReference = 1D156CE21A3BD1DD008CEFC9 /* TimeClass */;
			productType = "com.apple.product-type.tool";
		};
/* End PBXNativeTarget section */

/* Begin PBXProject section */
		1D156CDA1A3BD1DD008CEFC9 /* Project object */ = {
			isa = PBXProject;
			attributes = {
				LastUpgradeCheck = 0820;
				ORGANIZATIONNAME = "Deitel & Associates, Inc.";
				TargetAttributes = {
					1D156CE11A3BD1DD008CEFC9 = {
						CreatedOnToolsVersion = 6.1.1;
					};
				};
			};
			buildConfigurationList = 1D156CDD1A3BD1DD008CEFC9 /* Build configuration list for PBXProject "TimeClass" */;
			compatibilityVersion = "Xcode 3.2";
			developmentRegion = English;
			hasScannedForEncodings = 0;
			knownRegions = (
				English,
				en,
			);
			mainGroup = 1D156CD91A3BD1DD008CEFC9;
			productRefGroup = 1D156CE31A3BD1DD008CEFC9 /* Products */;
			projectDirPath = "";
			projectRoot = "";
			targets = (
				1D156CE11A3BD1DD008CEFC9 /* TimeClass */,
			);
		};
/* End PBXProject section */

/* Begin PBXSourcesBuildPhase section */
		1D156CDE1A3BD1DD008CEFC9 /* Sources */ = {
			isa = PBXSourcesBuildPhase;
			buildActionMask = 2147483647;
			files = (
				1D0FE0651A3F3AA000018E5C /* Time.swift in Sources */,
				1D0FE0641A3F3AA000018E5C /* main.swift in Sources */,
			);
			runOnlyForDeploymentPostprocessing = 0;
		};
/* End PBXSourcesBuildPhase section */

/* Begin XCBuildConfiguration section */
		1D156CE71A3BD1DD008CEFC9 /* Debug */ = {
			isa = XCBuildConfiguration;
			buildSettings = {
				ALWAYS_SEARCH_USER_PATHS = NO;
				CLANG_CXX_LANGUAGE_STANDARD = "gnu++0x";
				CLANG_CXX_LIBRARY = "libc++";
				CLANG_ENABLE_MODULES = YES;
				CLANG_ENABLE_OBJC_ARC = YES;
				CLANG_WARN_BOOL_CONVERSION = YES;
				CLANG_WARN_CONSTANT_CONVERSION = YES;
				CLANG_WARN_DIRECT_OBJC_ISA_USAGE = YES_ERROR;
				CLANG_WARN_EMPTY_BODY = YES;
				CLANG_WARN_ENUM_CONVERSION = YES;
				CLANG_WARN_INFINITE_RECURSION = YES;
				CLANG_WARN_INT_CONVERSION = YES;
				CLANG_WARN_OBJC_ROOT_CLASS = YES_ERROR;
				CLANG_WARN_SUSPICIOUS_MOVE = YES;
				CLANG_WARN_UNREACHABLE_CODE = YES;
				CLANG_WARN__DUPLICATE_METHOD_MATCH = YES;
				COPY_PHASE_STRIP = NO;
				ENABLE_STRICT_OBJC_MSGSEND = YES;
				ENABLE_TESTABILITY = YES;
				GCC_C_LANGUAGE_STANDARD = gnu99;
				GCC_DYNAMIC_NO_PIC = NO;
				GCC_NO_COMMON_BLOCKS = YES;
				GCC_OPTIMIZATION_LEVEL = 0;
				GCC_PREPROCESSOR_DEFINITIONS = (
					"DEBUG=1",
					"$(inherited)",
				);
				GCC_SYMBOLS_PRIVATE_EXTERN = NO;
				GCC_WARN_64_TO_32_BIT_CONVERSION = YES;
				GCC_WARN_ABOUT_RETURN_TYPE = YES_ERROR;
				GCC_WARN_UNDECLARED_SELECTOR = YES;
				GCC_WARN_UNINITIALIZED_AUTOS = YES_AGGRESSIVE;
				GCC_WARN_UNUSED_FUNCTION = YES;
				GCC_WARN_UNUSED_VARIABLE = YES;
				MACOSX_DEPLOYMENT_TARGET = 10.10;
				MTL_ENABLE_DEBUG_INFO = YES;
				ONLY_ACTIVE_ARCH = YES;
				SDKROOT = macosx;
				SWIFT_OPTIMIZATION_LEVEL = "-Onone";
			};
			name = Debug;
		};
		1D156CE81A3BD1DD008CEFC9 /* Release */ = {
			isa = XCBuildConfiguration;
			buildSettings = {
				ALWAYS_SEARCH_USER_PATHS = NO;
				CLANG_CXX_LANGUAGE_STANDARD = "gnu++0x";
				CLANG_CXX_LIBRARY = "libc++";
				CLANG_ENABLE_MODULES = YES;
				CLANG_ENABLE_OBJC_ARC = YES;
				CLANG_WARN_BOOL_CONVERSION = YES;
				CLANG_WARN_CONSTANT_CONVERSION = YES;
				CLANG_WARN_DIRECT_OBJC_ISA_USAGE = YES_ERROR;
				CLANG_WARN_EMPTY_BODY = YES;
				CLANG_WARN_ENUM_CONVERSION = YES;
				CLANG_WARN_INFINITE_RECURSION = YES;
				CLANG_WARN_INT_CONVERSION = YES;
				CLANG_WARN_OBJC_ROOT_CLASS = YES_ERROR;
				CLANG_WARN_SUSPICIOUS_MOVE = YES;
				CLANG_WARN_UNREACHABLE_CODE = YES;
				CLANG_WARN__DUPLICATE_METHOD_MATCH = YES;
				COPY_PHASE_STRIP = YES;
				DEBUG_INFORMATION_FORMAT = "dwarf-with-dsym";
				ENABLE_NS_ASSERTIONS = NO;
				ENABLE_STRICT_OBJC_MSGSEND = YES;
				GCC_C_LANGUAGE_STANDARD = gnu99;
				GCC_NO_COMMON_BLOCKS = YES;
				GCC_WARN_64_TO_32_BIT_CONVERSION = YES;
				GCC_WARN_ABOUT_RETURN_TYPE = YES_ERROR;
				GCC_WARN_UNDECLARED_SELECTOR = YES;
				GCC_WARN_UNINITIALIZED_AUTOS = YES_AGGRESSIVE;
				GCC_WARN_UNUSED_FUNCTION = YES;
				GCC_WARN_UNUSED_VARIABLE = YES;
				MACOSX_DEPLOYMENT_TARGET = 10.10;
				MTL_ENABLE_DEBUG_INFO = NO;
				SDKROOT = macosx;
				SWIFT_OPTIMIZATION_LEVEL = "-Owholemodule";
			};
			name = Release;
		};
		1D156CEA1A3BD1DD008CEFC9 /* Debug */ = {
			isa = XCBuildConfiguration;
			buildSettings = {
				PRODUCT_NAME = TimeClass;
				SWIFT_VERSION = 5.0;
			};
			name = Debug;
		};
		1D156CEB1A3BD1DD008CEFC9 /* Release */ = {
			isa = XCBuildConfiguration;
			buildSettings = {
				PRODUCT_NAME = TimeClass;
				SWIFT_VERSION = 5.0;
			};
			name = Release;
		};
/* End XCBuildConfiguration section */

/* Begin XCConfigurationList section */
		1D156CDD1A3BD1DD008CEFC9 /* Build configuration list for PBXProject "TimeClass" */ = {
			isa = XCConfigurationList;
			buildConfigurations = (
				1D156CE71A3BD1DD008CEFC9 /* Debug */,
				1D156CE81A3BD1DD008CEFC9 /* Release */,
			);
			defaultConfigurationIsVisible = 0;
			defaultConfigurationName = Release;
		};
		1D156CE91A3BD1DD008CEFC9 /* Build configuration list for PBXNativeTarget "TimeClass" */ = {
			isa = XCConfigurationList;
			buildConfigurations = (
				1D156CEA1A3BD1DD008CEFC9 /* Debug */,
				1D156CEB1A3BD1DD008CEFC9 /* Release */,
			);
			defaultConfigurationIsVisible = 0;
			defaultConfigurationName = Release;
		};
/* End XCConfigurationList section */
	};
	rootObject = 1D156CDA1A3BD1DD008CEFC9 /* Project object */;
}
