// !$*UTF8*$!
{
	archiveVersion = 1;
	classes = {
	};
	objectVersion = 50;
	objects = {

/* Begin PBXBuildFile section */
		03F2DF7A269DE83700F2CABA /* AppDelegate.swift in Sources */ = {isa = PBXBuildFile; fileRef = 03F2DF79269DE83700F2CABA /* AppDelegate.swift */; };
		03F2DF7C269DE83700F2CABA /* ViewController.swift in Sources */ = {isa = PBXBuildFile; fileRef = 03F2DF7B269DE83700F2CABA /* ViewController.swift */; };
		03F2DF7F269DE83700F2CABA /* Main.storyboard in Resources */ = {isa = PBXBuildFile; fileRef = 03F2DF7D269DE83700F2CABA /* Main.storyboard */; };
		03F2DF81269DE83800F2CABA /* Assets.xcassets in Resources */ = {isa = PBXBuildFile; fileRef = 03F2DF80269DE83800F2CABA /* Assets.xcassets */; };
		03F2DF84269DE83800F2CABA /* LaunchScreen.storyboard in Resources */ = {isa = PBXBuildFile; fileRef = 03F2DF82269DE83800F2CABA /* LaunchScreen.storyboard */; };
		03F2DF8D269DEB9600F2CABA /* LoginViewController.swift in Sources */ = {isa = PBXBuildFile; fileRef = 03F2DF8C269DEB9600F2CABA /* LoginViewController.swift */; };
		03F2DF8F269DEBA900F2CABA /* ClientViewController.swift in Sources */ = {isa = PBXBuildFile; fileRef = 03F2DF8E269DEBA900F2CABA /* ClientViewController.swift */; };
/* End PBXBuildFile section */

/* Begin PBXFileReference section */
		03F2DF76269DE83700F2CABA /* YuHsuan-Huang_COMP2125-Sec02_Lab03-Exercise01.app */ = {isa = PBXFileReference; explicitFileType = wrapper.application; includeInIndex = 0; path = "YuHsuan-Huang_COMP2125-Sec02_Lab03-Exercise01.app"; sourceTree = BUILT_PRODUCTS_DIR; };
		03F2DF79269DE83700F2CABA /* AppDelegate.swift */ = {isa = PBXFileReference; lastKnownFileType = sourcecode.swift; path = AppDelegate.swift; sourceTree = "<group>"; };
		03F2DF7B269DE83700F2CABA /* ViewController.swift */ = {isa = PBXFileReference; lastKnownFileType = sourcecode.swift; path = ViewController.swift; sourceTree = "<group>"; };
		03F2DF7E269DE83700F2CABA /* Base */ = {isa = PBXFileReference; lastKnownFileType = file.storyboard; name = Base; path = Base.lproj/Main.storyboard; sourceTree = "<group>"; };
		03F2DF80269DE83800F2CABA /* Assets.xcassets */ = {isa = PBXFileReference; lastKnownFileType = folder.assetcatalog; path = Assets.xcassets; sourceTree = "<group>"; };
		03F2DF83269DE83800F2CABA /* Base */ = {isa = PBXFileReference; lastKnownFileType = file.storyboard; name = Base; path = Base.lproj/LaunchScreen.storyboard; sourceTree = "<group>"; };
		03F2DF85269DE83800F2CABA /* Info.plist */ = {isa = PBXFileReference; lastKnownFileType = text.plist.xml; path = Info.plist; sourceTree = "<group>"; };
		03F2DF8C269DEB9600F2CABA /* LoginViewController.swift */ = {isa = PBXFileReference; lastKnownFileType = sourcecode.swift; path = LoginViewController.swift; sourceTree = "<group>"; };
		03F2DF8E269DEBA900F2CABA /* ClientViewController.swift */ = {isa = PBXFileReference; lastKnownFileType = sourcecode.swift; path = ClientViewController.swift; sourceTree = "<group>"; };
/* End PBXFileReference section */

/* Begin PBXFrameworksBuildPhase section */
		03F2DF73269DE83700F2CABA /* Frameworks */ = {
			isa = PBXFrameworksBuildPhase;
			buildActionMask = 2147483647;
			files = (
			);
			runOnlyForDeploymentPostprocessing = 0;
		};
/* End PBXFrameworksBuildPhase section */

/* Begin PBXGroup section */
		03F2DF6D269DE83700F2CABA = {
			isa = PBXGroup;
			children = (
				03F2DF78269DE83700F2CABA /* YuHsuan-Huang_COMP2125-Sec02_Lab03-Exercise01 */,
				03F2DF77269DE83700F2CABA /* Products */,
			);
			sourceTree = "<group>";
		};
		03F2DF77269DE83700F2CABA /* Products */ = {
			isa = PBXGroup;
			children = (
				03F2DF76269DE83700F2CABA /* YuHsuan-Huang_COMP2125-Sec02_Lab03-Exercise01.app */,
			);
			name = Products;
			sourceTree = "<group>";
		};
		03F2DF78269DE83700F2CABA /* YuHsuan-Huang_COMP2125-Sec02_Lab03-Exercise01 */ = {
			isa = PBXGroup;
			children = (
				03F2DF8B269DEB7600F2CABA /* ViewController */,
				03F2DF79269DE83700F2CABA /* AppDelegate.swift */,
				03F2DF7B269DE83700F2CABA /* ViewController.swift */,
				03F2DF7D269DE83700F2CABA /* Main.storyboard */,
				03F2DF80269DE83800F2CABA /* Assets.xcassets */,
				03F2DF82269DE83800F2CABA /* LaunchScreen.storyboard */,
				03F2DF85269DE83800F2CABA /* Info.plist */,
			);
			path = "YuHsuan-Huang_COMP2125-Sec02_Lab03-Exercise01";
			sourceTree = "<group>";
		};
		03F2DF8B269DEB7600F2CABA /* ViewController */ = {
			isa = PBXGroup;
			children = (
				03F2DF8C269DEB9600F2CABA /* LoginViewController.swift */,
				03F2DF8E269DEBA900F2CABA /* ClientViewController.swift */,
			);
			path = ViewController;
			sourceTree = "<group>";
		};
/* End PBXGroup section */

/* Begin PBXNativeTarget section */
		03F2DF75269DE83700F2CABA /* YuHsuan-Huang_COMP2125-Sec02_Lab03-Exercise01 */ = {
			isa = PBXNativeTarget;
			buildConfigurationList = 03F2DF88269DE83800F2CABA /* Build configuration list for PBXNativeTarget "YuHsuan-Huang_COMP2125-Sec02_Lab03-Exercise01" */;
			buildPhases = (
				03F2DF72269DE83700F2CABA /* Sources */,
				03F2DF73269DE83700F2CABA /* Frameworks */,
				03F2DF74269DE83700F2CABA /* Resources */,
			);
			buildRules = (
			);
			dependencies = (
			);
			name = "YuHsuan-Huang_COMP2125-Sec02_Lab03-Exercise01";
			productName = "YuHsuan-Huang_COMP2125-Sec02_Lab03-Exercise01";
			productReference = 03F2DF76269DE83700F2CABA /* YuHsuan-Huang_COMP2125-Sec02_Lab03-Exercise01.app */;
			productType = "com.apple.product-type.application";
		};
/* End PBXNativeTarget section */

/* Begin PBXProject section */
		03F2DF6E269DE83700F2CABA /* Project object */ = {
			isa = PBXProject;
			attributes = {
				LastSwiftUpdateCheck = 1020;
				LastUpgradeCheck = 1020;
				ORGANIZATIONNAME = "Georgian College";
				TargetAttributes = {
					03F2DF75269DE83700F2CABA = {
						CreatedOnToolsVersion = 10.2.1;
					};
				};
			};
			buildConfigurationList = 03F2DF71269DE83700F2CABA /* Build configuration list for PBXProject "YuHsuan-Huang_COMP2125-Sec02_Lab03-Exercise01" */;
			compatibilityVersion = "Xcode 9.3";
			developmentRegion = en;
			hasScannedForEncodings = 0;
			knownRegions = (
				en,
				Base,
			);
			mainGroup = 03F2DF6D269DE83700F2CABA;
			productRefGroup = 03F2DF77269DE83700F2CABA /* Products */;
			projectDirPath = "";
			projectRoot = "";
			targets = (
				03F2DF75269DE83700F2CABA /* YuHsuan-Huang_COMP2125-Sec02_Lab03-Exercise01 */,
			);
		};
/* End PBXProject section */

/* Begin PBXResourcesBuildPhase section */
		03F2DF74269DE83700F2CABA /* Resources */ = {
			isa = PBXResourcesBuildPhase;
			buildActionMask = 2147483647;
			files = (
				03F2DF84269DE83800F2CABA /* LaunchScreen.storyboard in Resources */,
				03F2DF81269DE83800F2CABA /* Assets.xcassets in Resources */,
				03F2DF7F269DE83700F2CABA /* Main.storyboard in Resources */,
			);
			runOnlyForDeploymentPostprocessing = 0;
		};
/* End PBXResourcesBuildPhase section */

/* Begin PBXSourcesBuildPhase section */
		03F2DF72269DE83700F2CABA /* Sources */ = {
			isa = PBXSourcesBuildPhase;
			buildActionMask = 2147483647;
			files = (
				03F2DF8D269DEB9600F2CABA /* LoginViewController.swift in Sources */,
				03F2DF7C269DE83700F2CABA /* ViewController.swift in Sources */,
				03F2DF7A269DE83700F2CABA /* AppDelegate.swift in Sources */,
				03F2DF8F269DEBA900F2CABA /* ClientViewController.swift in Sources */,
			);
			runOnlyForDeploymentPostprocessing = 0;
		};
/* End PBXSourcesBuildPhase section */

/* Begin PBXVariantGroup section */
		03F2DF7D269DE83700F2CABA /* Main.storyboard */ = {
			isa = PBXVariantGroup;
			children = (
				03F2DF7E269DE83700F2CABA /* Base */,
			);
			name = Main.storyboard;
			sourceTree = "<group>";
		};
		03F2DF82269DE83800F2CABA /* LaunchScreen.storyboard */ = {
			isa = PBXVariantGroup;
			children = (
				03F2DF83269DE83800F2CABA /* Base */,
			);
			name = LaunchScreen.storyboard;
			sourceTree = "<group>";
		};
/* End PBXVariantGroup section */

/* Begin XCBuildConfiguration section */
		03F2DF86269DE83800F2CABA /* Debug */ = {
			isa = XCBuildConfiguration;
			buildSettings = {
				ALWAYS_SEARCH_USER_PATHS = NO;
				CLANG_ANALYZER_NONNULL = YES;
				CLANG_ANALYZER_NUMBER_OBJECT_CONVERSION = YES_AGGRESSIVE;
				CLANG_CXX_LANGUAGE_STANDARD = "gnu++14";
				CLANG_CXX_LIBRARY = "libc++";
				CLANG_ENABLE_MODULES = YES;
				CLANG_ENABLE_OBJC_ARC = YES;
				CLANG_ENABLE_OBJC_WEAK = YES;
				CLANG_WARN_BLOCK_CAPTURE_AUTORELEASING = YES;
				CLANG_WARN_BOOL_CONVERSION = YES;
				CLANG_WARN_COMMA = YES;
				CLANG_WARN_CONSTANT_CONVERSION = YES;
				CLANG_WARN_DEPRECATED_OBJC_IMPLEMENTATIONS = YES;
				CLANG_WARN_DIRECT_OBJC_ISA_USAGE = YES_ERROR;
				CLANG_WARN_DOCUMENTATION_COMMENTS = YES;
				CLANG_WARN_EMPTY_BODY = YES;
				CLANG_WARN_ENUM_CONVERSION = YES;
				CLANG_WARN_INFINITE_RECURSION = YES;
				CLANG_WARN_INT_CONVERSION = YES;
				CLANG_WARN_NON_LITERAL_NULL_CONVERSION = YES;
				CLANG_WARN_OBJC_IMPLICIT_RETAIN_SELF = YES;
				CLANG_WARN_OBJC_LITERAL_CONVERSION = YES;
				CLANG_WARN_OBJC_ROOT_CLASS = YES_ERROR;
				CLANG_WARN_RANGE_LOOP_ANALYSIS = YES;
				CLANG_WARN_STRICT_PROTOTYPES = YES;
				CLANG_WARN_SUSPICIOUS_MOVE = YES;
				CLANG_WARN_UNGUARDED_AVAILABILITY = YES_AGGRESSIVE;
				CLANG_WARN_UNREACHABLE_CODE = YES;
				CLANG_WARN__DUPLICATE_METHOD_MATCH = YES;
				CODE_SIGN_IDENTITY = "iPhone Developer";
				COPY_PHASE_STRIP = NO;
				DEBUG_INFORMATION_FORMAT = dwarf;
				ENABLE_STRICT_OBJC_MSGSEND = YES;
				ENABLE_TESTABILITY = YES;
				GCC_C_LANGUAGE_STANDARD = gnu11;
				GCC_DYNAMIC_NO_PIC = NO;
				GCC_NO_COMMON_BLOCKS = YES;
				GCC_OPTIMIZATION_LEVEL = 0;
				GCC_PREPROCESSOR_DEFINITIONS = (
					"DEBUG=1",
					"$(inherited)",
				);
				GCC_WARN_64_TO_32_BIT_CONVERSION = YES;
				GCC_WARN_ABOUT_RETURN_TYPE = YES_ERROR;
				GCC_WARN_UNDECLARED_SELECTOR = YES;
				GCC_WARN_UNINITIALIZED_AUTOS = YES_AGGRESSIVE;
				GCC_WARN_UNUSED_FUNCTION = YES;
				GCC_WARN_UNUSED_VARIABLE = YES;
				IPHONEOS_DEPLOYMENT_TARGET = 12.2;
				MTL_ENABLE_DEBUG_INFO = INCLUDE_SOURCE;
				MTL_FAST_MATH = YES;
				ONLY_ACTIVE_ARCH = YES;
				SDKROOT = iphoneos;
				SWIFT_ACTIVE_COMPILATION_CONDITIONS = DEBUG;
				SWIFT_OPTIMIZATION_LEVEL = "-Onone";
			};
			name = Debug;
		};
		03F2DF87269DE83800F2CABA /* Release */ = {
			isa = XCBuildConfiguration;
			buildSettings = {
				ALWAYS_SEARCH_USER_PATHS = NO;
				CLANG_ANALYZER_NONNULL = YES;
				CLANG_ANALYZER_NUMBER_OBJECT_CONVERSION = YES_AGGRESSIVE;
				CLANG_CXX_LANGUAGE_STANDARD = "gnu++14";
				CLANG_CXX_LIBRARY = "libc++";
				CLANG_ENABLE_MODULES = YES;
				CLANG_ENABLE_OBJC_ARC = YES;
				CLANG_ENABLE_OBJC_WEAK = YES;
				CLANG_WARN_BLOCK_CAPTURE_AUTORELEASING = YES;
				CLANG_WARN_BOOL_CONVERSION = YES;
				CLANG_WARN_COMMA = YES;
				CLANG_WARN_CONSTANT_CONVERSION = YES;
				CLANG_WARN_DEPRECATED_OBJC_IMPLEMENTATIONS = YES;
				CLANG_WARN_DIRECT_OBJC_ISA_USAGE = YES_ERROR;
				CLANG_WARN_DOCUMENTATION_COMMENTS = YES;
				CLANG_WARN_EMPTY_BODY = YES;
				CLANG_WARN_ENUM_CONVERSION = YES;
				CLANG_WARN_INFINITE_RECURSION = YES;
				CLANG_WARN_INT_CONVERSION = YES;
				CLANG_WARN_NON_LITERAL_NULL_CONVERSION = YES;
				CLANG_WARN_OBJC_IMPLICIT_RETAIN_SELF = YES;
				CLANG_WARN_OBJC_LITERAL_CONVERSION = YES;
				CLANG_WARN_OBJC_ROOT_CLASS = YES_ERROR;
				CLANG_WARN_RANGE_LOOP_ANALYSIS = YES;
				CLANG_WARN_STRICT_PROTOTYPES = YES;
				CLANG_WARN_SUSPICIOUS_MOVE = YES;
				CLANG_WARN_UNGUARDED_AVAILABILITY = YES_AGGRESSIVE;
				CLANG_WARN_UNREACHABLE_CODE = YES;
				CLANG_WARN__DUPLICATE_METHOD_MATCH = YES;
				CODE_SIGN_IDENTITY = "iPhone Developer";
				COPY_PHASE_STRIP = NO;
				DEBUG_INFORMATION_FORMAT = "dwarf-with-dsym";
				ENABLE_NS_ASSERTIONS = NO;
				ENABLE_STRICT_OBJC_MSGSEND = YES;
				GCC_C_LANGUAGE_STANDARD = gnu11;
				GCC_NO_COMMON_BLOCKS = YES;
				GCC_WARN_64_TO_32_BIT_CONVERSION = YES;
				GCC_WARN_ABOUT_RETURN_TYPE = YES_ERROR;
				GCC_WARN_UNDECLARED_SELECTOR = YES;
				GCC_WARN_UNINITIALIZED_AUTOS = YES_AGGRESSIVE;
				GCC_WARN_UNUSED_FUNCTION = YES;
				GCC_WARN_UNUSED_VARIABLE = YES;
				IPHONEOS_DEPLOYMENT_TARGET = 12.2;
				MTL_ENABLE_DEBUG_INFO = NO;
				MTL_FAST_MATH = YES;
				SDKROOT = iphoneos;
				SWIFT_COMPILATION_MODE = wholemodule;
				SWIFT_OPTIMIZATION_LEVEL = "-O";
				VALIDATE_PRODUCT = YES;
			};
			name = Release;
		};
		03F2DF89269DE83800F2CABA /* Debug */ = {
			isa = XCBuildConfiguration;
			buildSettings = {
				ASSETCATALOG_COMPILER_APPICON_NAME = AppIcon;
				CODE_SIGN_STYLE = Automatic;
				INFOPLIST_FILE = "YuHsuan-Huang_COMP2125-Sec02_Lab03-Exercise01/Info.plist";
				LD_RUNPATH_SEARCH_PATHS = (
					"$(inherited)",
					"@executable_path/Frameworks",
				);
				PRODUCT_BUNDLE_IDENTIFIER = "sean.YuHsuan-Huang-COMP2125-Sec02-Lab03-Exercise01";
				PRODUCT_NAME = "$(TARGET_NAME)";
				SWIFT_VERSION = 5.0;
				TARGETED_DEVICE_FAMILY = "1,2";
			};
			name = Debug;
		};
		03F2DF8A269DE83800F2CABA /* Release */ = {
			isa = XCBuildConfiguration;
			buildSettings = {
				ASSETCATALOG_COMPILER_APPICON_NAME = AppIcon;
				CODE_SIGN_STYLE = Automatic;
				INFOPLIST_FILE = "YuHsuan-Huang_COMP2125-Sec02_Lab03-Exercise01/Info.plist";
				LD_RUNPATH_SEARCH_PATHS = (
					"$(inherited)",
					"@executable_path/Frameworks",
				);
				PRODUCT_BUNDLE_IDENTIFIER = "sean.YuHsuan-Huang-COMP2125-Sec02-Lab03-Exercise01";
				PRODUCT_NAME = "$(TARGET_NAME)";
				SWIFT_VERSION = 5.0;
				TARGETED_DEVICE_FAMILY = "1,2";
			};
			name = Release;
		};
/* End XCBuildConfiguration section */

/* Begin XCConfigurationList section */
		03F2DF71269DE83700F2CABA /* Build configuration list for PBXProject "YuHsuan-Huang_COMP2125-Sec02_Lab03-Exercise01" */ = {
			isa = XCConfigurationList;
			buildConfigurations = (
				03F2DF86269DE83800F2CABA /* Debug */,
				03F2DF87269DE83800F2CABA /* Release */,
			);
			defaultConfigurationIsVisible = 0;
			defaultConfigurationName = Release;
		};
		03F2DF88269DE83800F2CABA /* Build configuration list for PBXNativeTarget "YuHsuan-Huang_COMP2125-Sec02_Lab03-Exercise01" */ = {
			isa = XCConfigurationList;
			buildConfigurations = (
				03F2DF89269DE83800F2CABA /* Debug */,
				03F2DF8A269DE83800F2CABA /* Release */,
			);
			defaultConfigurationIsVisible = 0;
			defaultConfigurationName = Release;
		};
/* End XCConfigurationList section */
	};
	rootObject = 03F2DF6E269DE83700F2CABA /* Project object */;
}
